// !$*UTF8*$!
{
	archiveVersion = 1;
	classes = {
	};
	objectVersion = 56;
	objects = {

/* Begin PBXBuildFile section */
		DE1E1D842BB82F020057C5CF /* ServiceSetApp.swift in Sources */ = {isa = PBXBuildFile; fileRef = DE1E1D832BB82F020057C5CF /* ServiceSetApp.swift */; };
		DE1E1D862BB82F020057C5CF /* MainView.swift in Sources */ = {isa = PBXBuildFile; fileRef = DE1E1D852BB82F020057C5CF /* MainView.swift */; };
		DE1E1D882BB82F040057C5CF /* Assets.xcassets in Resources */ = {isa = PBXBuildFile; fileRef = DE1E1D872BB82F040057C5CF /* Assets.xcassets */; };
		DE1E1D8B2BB82F040057C5CF /* Preview Assets.xcassets in Resources */ = {isa = PBXBuildFile; fileRef = DE1E1D8A2BB82F040057C5CF /* Preview Assets.xcassets */; };
		DE1E1D932BB82FF80057C5CF /* Service.swift in Sources */ = {isa = PBXBuildFile; fileRef = DE1E1D922BB82FF80057C5CF /* Service.swift */; };
		DE1E1D962BB833A30057C5CF /* APIManager.swift in Sources */ = {isa = PBXBuildFile; fileRef = DE1E1D952BB833A30057C5CF /* APIManager.swift */; };
		DE1E1D982BB836D30057C5CF /* APIErrors.swift in Sources */ = {isa = PBXBuildFile; fileRef = DE1E1D972BB836D30057C5CF /* APIErrors.swift */; };
		DE1E1D9A2BB837C40057C5CF /* APIResponse.swift in Sources */ = {isa = PBXBuildFile; fileRef = DE1E1D992BB837C40057C5CF /* APIResponse.swift */; };
		DE1E1DA02BB83B140057C5CF /* ServiceSet.swift in Sources */ = {isa = PBXBuildFile; fileRef = DE1E1D9F2BB83B140057C5CF /* ServiceSet.swift */; };
		DE1E1DA22BB84B200057C5CF /* ResponceErrorView.swift in Sources */ = {isa = PBXBuildFile; fileRef = DE1E1DA12BB84B200057C5CF /* ResponceErrorView.swift */; };
		DE1E1DA42BB852650057C5CF /* ServiceView.swift in Sources */ = {isa = PBXBuildFile; fileRef = DE1E1DA32BB852650057C5CF /* ServiceView.swift */; };
		DE1E1DA62BB86FE70057C5CF /* ServiceListView.swift in Sources */ = {isa = PBXBuildFile; fileRef = DE1E1DA52BB86FE70057C5CF /* ServiceListView.swift */; };
/* End PBXBuildFile section */

/* Begin PBXFileReference section */
		DE1E1D802BB82F020057C5CF /* ServiceSet.app */ = {isa = PBXFileReference; explicitFileType = wrapper.application; includeInIndex = 0; path = ServiceSet.app; sourceTree = BUILT_PRODUCTS_DIR; };
		DE1E1D832BB82F020057C5CF /* ServiceSetApp.swift */ = {isa = PBXFileReference; lastKnownFileType = sourcecode.swift; path = ServiceSetApp.swift; sourceTree = "<group>"; };
		DE1E1D852BB82F020057C5CF /* MainView.swift */ = {isa = PBXFileReference; lastKnownFileType = sourcecode.swift; path = MainView.swift; sourceTree = "<group>"; };
		DE1E1D872BB82F040057C5CF /* Assets.xcassets */ = {isa = PBXFileReference; lastKnownFileType = folder.assetcatalog; path = Assets.xcassets; sourceTree = "<group>"; };
		DE1E1D8A2BB82F040057C5CF /* Preview Assets.xcassets */ = {isa = PBXFileReference; lastKnownFileType = folder.assetcatalog; path = "Preview Assets.xcassets"; sourceTree = "<group>"; };
		DE1E1D922BB82FF80057C5CF /* Service.swift */ = {isa = PBXFileReference; lastKnownFileType = sourcecode.swift; path = Service.swift; sourceTree = "<group>"; };
		DE1E1D952BB833A30057C5CF /* APIManager.swift */ = {isa = PBXFileReference; lastKnownFileType = sourcecode.swift; path = APIManager.swift; sourceTree = "<group>"; };
		DE1E1D972BB836D30057C5CF /* APIErrors.swift */ = {isa = PBXFileReference; lastKnownFileType = sourcecode.swift; path = APIErrors.swift; sourceTree = "<group>"; };
		DE1E1D992BB837C40057C5CF /* APIResponse.swift */ = {isa = PBXFileReference; lastKnownFileType = sourcecode.swift; path = APIResponse.swift; sourceTree = "<group>"; };
		DE1E1D9F2BB83B140057C5CF /* ServiceSet.swift */ = {isa = PBXFileReference; lastKnownFileType = sourcecode.swift; path = ServiceSet.swift; sourceTree = "<group>"; };
		DE1E1DA12BB84B200057C5CF /* ResponceErrorView.swift */ = {isa = PBXFileReference; lastKnownFileType = sourcecode.swift; path = ResponceErrorView.swift; sourceTree = "<group>"; };
		DE1E1DA32BB852650057C5CF /* ServiceView.swift */ = {isa = PBXFileReference; lastKnownFileType = sourcecode.swift; path = ServiceView.swift; sourceTree = "<group>"; };
		DE1E1DA52BB86FE70057C5CF /* ServiceListView.swift */ = {isa = PBXFileReference; lastKnownFileType = sourcecode.swift; path = ServiceListView.swift; sourceTree = "<group>"; };
/* End PBXFileReference section */

/* Begin PBXFrameworksBuildPhase section */
		DE1E1D7D2BB82F020057C5CF /* Frameworks */ = {
			isa = PBXFrameworksBuildPhase;
			buildActionMask = 2147483647;
			files = (
			);
			runOnlyForDeploymentPostprocessing = 0;
		};
/* End PBXFrameworksBuildPhase section */

/* Begin PBXGroup section */
		DE1E1D772BB82F020057C5CF = {
			isa = PBXGroup;
			children = (
				DE1E1D822BB82F020057C5CF /* ServiceSet */,
				DE1E1D812BB82F020057C5CF /* Products */,
			);
			sourceTree = "<group>";
		};
		DE1E1D812BB82F020057C5CF /* Products */ = {
			isa = PBXGroup;
			children = (
				DE1E1D802BB82F020057C5CF /* ServiceSet.app */,
			);
			name = Products;
			sourceTree = "<group>";
		};
		DE1E1D822BB82F020057C5CF /* ServiceSet */ = {
			isa = PBXGroup;
			children = (
				DE1E1D832BB82F020057C5CF /* ServiceSetApp.swift */,
				DE1E1D912BB82FEB0057C5CF /* Models */,
				DE1E1D9B2BB839840057C5CF /* Views */,
				DE1E1D9D2BB839910057C5CF /* ViewModels */,
				DE1E1D942BB8337F0057C5CF /* APIManager */,
				DE1E1D9E2BB839E60057C5CF /* Resources */,
				DE1E1D892BB82F040057C5CF /* Preview Content */,
			);
			path = ServiceSet;
			sourceTree = "<group>";
		};
		DE1E1D892BB82F040057C5CF /* Preview Content */ = {
			isa = PBXGroup;
			children = (
				DE1E1D8A2BB82F040057C5CF /* Preview Assets.xcassets */,
			);
			path = "Preview Content";
			sourceTree = "<group>";
		};
		DE1E1D912BB82FEB0057C5CF /* Models */ = {
			isa = PBXGroup;
			children = (
				DE1E1D922BB82FF80057C5CF /* Service.swift */,
			);
			path = Models;
			sourceTree = "<group>";
		};
		DE1E1D942BB8337F0057C5CF /* APIManager */ = {
			isa = PBXGroup;
			children = (
				DE1E1D952BB833A30057C5CF /* APIManager.swift */,
				DE1E1D992BB837C40057C5CF /* APIResponse.swift */,
				DE1E1D972BB836D30057C5CF /* APIErrors.swift */,
			);
			path = APIManager;
			sourceTree = "<group>";
		};
		DE1E1D9B2BB839840057C5CF /* Views */ = {
			isa = PBXGroup;
			children = (
				DE1E1D852BB82F020057C5CF /* MainView.swift */,
				DE1E1DA52BB86FE70057C5CF /* ServiceListView.swift */,
				DE1E1DA32BB852650057C5CF /* ServiceView.swift */,
				DE1E1DA12BB84B200057C5CF /* ResponceErrorView.swift */,
			);
			path = Views;
			sourceTree = "<group>";
		};
		DE1E1D9D2BB839910057C5CF /* ViewModels */ = {
			isa = PBXGroup;
			children = (
				DE1E1D9F2BB83B140057C5CF /* ServiceSet.swift */,
			);
			path = ViewModels;
			sourceTree = "<group>";
		};
		DE1E1D9E2BB839E60057C5CF /* Resources */ = {
			isa = PBXGroup;
			children = (
				DE1E1D872BB82F040057C5CF /* Assets.xcassets */,
			);
			path = Resources;
			sourceTree = "<group>";
		};
/* End PBXGroup section */

/* Begin PBXNativeTarget section */
		DE1E1D7F2BB82F020057C5CF /* ServiceSet */ = {
			isa = PBXNativeTarget;
			buildConfigurationList = DE1E1D8E2BB82F040057C5CF /* Build configuration list for PBXNativeTarget "ServiceSet" */;
			buildPhases = (
				DE1E1D7C2BB82F020057C5CF /* Sources */,
				DE1E1D7D2BB82F020057C5CF /* Frameworks */,
				DE1E1D7E2BB82F020057C5CF /* Resources */,
			);
			buildRules = (
			);
			dependencies = (
			);
			name = ServiceSet;
			productName = ServiceSet;
			productReference = DE1E1D802BB82F020057C5CF /* ServiceSet.app */;
			productType = "com.apple.product-type.application";
		};
/* End PBXNativeTarget section */

/* Begin PBXProject section */
		DE1E1D782BB82F020057C5CF /* Project object */ = {
			isa = PBXProject;
			attributes = {
				BuildIndependentTargetsInParallel = 1;
				LastSwiftUpdateCheck = 1520;
				LastUpgradeCheck = 1520;
				TargetAttributes = {
					DE1E1D7F2BB82F020057C5CF = {
						CreatedOnToolsVersion = 15.2;
					};
				};
			};
			buildConfigurationList = DE1E1D7B2BB82F020057C5CF /* Build configuration list for PBXProject "ServiceSet" */;
			compatibilityVersion = "Xcode 14.0";
			developmentRegion = en;
			hasScannedForEncodings = 0;
			knownRegions = (
				en,
				Base,
			);
			mainGroup = DE1E1D772BB82F020057C5CF;
			productRefGroup = DE1E1D812BB82F020057C5CF /* Products */;
			projectDirPath = "";
			projectRoot = "";
			targets = (
				DE1E1D7F2BB82F020057C5CF /* ServiceSet */,
			);
		};
/* End PBXProject section */

/* Begin PBXResourcesBuildPhase section */
		DE1E1D7E2BB82F020057C5CF /* Resources */ = {
			isa = PBXResourcesBuildPhase;
			buildActionMask = 2147483647;
			files = (
				DE1E1D8B2BB82F040057C5CF /* Preview Assets.xcassets in Resources */,
				DE1E1D882BB82F040057C5CF /* Assets.xcassets in Resources */,
			);
			runOnlyForDeploymentPostprocessing = 0;
		};
/* End PBXResourcesBuildPhase section */

/* Begin PBXSourcesBuildPhase section */
		DE1E1D7C2BB82F020057C5CF /* Sources */ = {
			isa = PBXSourcesBuildPhase;
			buildActionMask = 2147483647;
			files = (
				DE1E1D982BB836D30057C5CF /* APIErrors.swift in Sources */,
				DE1E1D962BB833A30057C5CF /* APIManager.swift in Sources */,
				DE1E1D862BB82F020057C5CF /* MainView.swift in Sources */,
				DE1E1DA62BB86FE70057C5CF /* ServiceListView.swift in Sources */,
				DE1E1DA02BB83B140057C5CF /* ServiceSet.swift in Sources */,
				DE1E1D9A2BB837C40057C5CF /* APIResponse.swift in Sources */,
				DE1E1D932BB82FF80057C5CF /* Service.swift in Sources */,
				DE1E1D842BB82F020057C5CF /* ServiceSetApp.swift in Sources */,
				DE1E1DA22BB84B200057C5CF /* ResponceErrorView.swift in Sources */,
				DE1E1DA42BB852650057C5CF /* ServiceView.swift in Sources */,
			);
			runOnlyForDeploymentPostprocessing = 0;
		};
/* End PBXSourcesBuildPhase section */

/* Begin XCBuildConfiguration section */
		DE1E1D8C2BB82F040057C5CF /* Debug */ = {
			isa = XCBuildConfiguration;
			buildSettings = {
				ALWAYS_SEARCH_USER_PATHS = NO;
				ASSETCATALOG_COMPILER_GENERATE_SWIFT_ASSET_SYMBOL_EXTENSIONS = YES;
				CLANG_ANALYZER_NONNULL = YES;
				CLANG_ANALYZER_NUMBER_OBJECT_CONVERSION = YES_AGGRESSIVE;
				CLANG_CXX_LANGUAGE_STANDARD = "gnu++20";
				CLANG_ENABLE_MODULES = YES;
				CLANG_ENABLE_OBJC_ARC = YES;
				CLANG_ENABLE_OBJC_WEAK = YES;
				CLANG_WARN_BLOCK_CAPTURE_AUTORELEASING = YES;
				CLANG_WARN_BOOL_CONVERSION = YES;
				CLANG_WARN_COMMA = YES;
				CLANG_WARN_CONSTANT_CONVERSION = YES;
				CLANG_WARN_DEPRECATED_OBJC_IMPLEMENTATIONS = YES;
				CLANG_WARN_DIRECT_OBJC_ISA_USAGE = YES_ERROR;
				CLANG_WARN_DOCUMENTATION_COMMENTS = YES;
				CLANG_WARN_EMPTY_BODY = YES;
				CLANG_WARN_ENUM_CONVERSION = YES;
				CLANG_WARN_INFINITE_RECURSION = YES;
				CLANG_WARN_INT_CONVERSION = YES;
				CLANG_WARN_NON_LITERAL_NULL_CONVERSION = YES;
				CLANG_WARN_OBJC_IMPLICIT_RETAIN_SELF = YES;
				CLANG_WARN_OBJC_LITERAL_CONVERSION = YES;
				CLANG_WARN_OBJC_ROOT_CLASS = YES_ERROR;
				CLANG_WARN_QUOTED_INCLUDE_IN_FRAMEWORK_HEADER = YES;
				CLANG_WARN_RANGE_LOOP_ANALYSIS = YES;
				CLANG_WARN_STRICT_PROTOTYPES = YES;
				CLANG_WARN_SUSPICIOUS_MOVE = YES;
				CLANG_WARN_UNGUARDED_AVAILABILITY = YES_AGGRESSIVE;
				CLANG_WARN_UNREACHABLE_CODE = YES;
				CLANG_WARN__DUPLICATE_METHOD_MATCH = YES;
				COPY_PHASE_STRIP = NO;
				DEBUG_INFORMATION_FORMAT = dwarf;
				ENABLE_STRICT_OBJC_MSGSEND = YES;
				ENABLE_TESTABILITY = YES;
				ENABLE_USER_SCRIPT_SANDBOXING = YES;
				GCC_C_LANGUAGE_STANDARD = gnu17;
				GCC_DYNAMIC_NO_PIC = NO;
				GCC_NO_COMMON_BLOCKS = YES;
				GCC_OPTIMIZATION_LEVEL = 0;
				GCC_PREPROCESSOR_DEFINITIONS = (
					"DEBUG=1",
					"$(inherited)",
				);
				GCC_WARN_64_TO_32_BIT_CONVERSION = YES;
				GCC_WARN_ABOUT_RETURN_TYPE = YES_ERROR;
				GCC_WARN_UNDECLARED_SELECTOR = YES;
				GCC_WARN_UNINITIALIZED_AUTOS = YES_AGGRESSIVE;
				GCC_WARN_UNUSED_FUNCTION = YES;
				GCC_WARN_UNUSED_VARIABLE = YES;
				IPHONEOS_DEPLOYMENT_TARGET = 17.2;
				LOCALIZATION_PREFERS_STRING_CATALOGS = YES;
				MTL_ENABLE_DEBUG_INFO = INCLUDE_SOURCE;
				MTL_FAST_MATH = YES;
				ONLY_ACTIVE_ARCH = YES;
				SDKROOT = iphoneos;
				SWIFT_ACTIVE_COMPILATION_CONDITIONS = "DEBUG $(inherited)";
				SWIFT_OPTIMIZATION_LEVEL = "-Onone";
			};
			name = Debug;
		};
		DE1E1D8D2BB82F040057C5CF /* Release */ = {
			isa = XCBuildConfiguration;
			buildSettings = {
				ALWAYS_SEARCH_USER_PATHS = NO;
				ASSETCATALOG_COMPILER_GENERATE_SWIFT_ASSET_SYMBOL_EXTENSIONS = YES;
				CLANG_ANALYZER_NONNULL = YES;
				CLANG_ANALYZER_NUMBER_OBJECT_CONVERSION = YES_AGGRESSIVE;
				CLANG_CXX_LANGUAGE_STANDARD = "gnu++20";
				CLANG_ENABLE_MODULES = YES;
				CLANG_ENABLE_OBJC_ARC = YES;
				CLANG_ENABLE_OBJC_WEAK = YES;
				CLANG_WARN_BLOCK_CAPTURE_AUTORELEASING = YES;
				CLANG_WARN_BOOL_CONVERSION = YES;
				CLANG_WARN_COMMA = YES;
				CLANG_WARN_CONSTANT_CONVERSION = YES;
				CLANG_WARN_DEPRECATED_OBJC_IMPLEMENTATIONS = YES;
				CLANG_WARN_DIRECT_OBJC_ISA_USAGE = YES_ERROR;
				CLANG_WARN_DOCUMENTATION_COMMENTS = YES;
				CLANG_WARN_EMPTY_BODY = YES;
				CLANG_WARN_ENUM_CONVERSION = YES;
				CLANG_WARN_INFINITE_RECURSION = YES;
				CLANG_WARN_INT_CONVERSION = YES;
				CLANG_WARN_NON_LITERAL_NULL_CONVERSION = YES;
				CLANG_WARN_OBJC_IMPLICIT_RETAIN_SELF = YES;
				CLANG_WARN_OBJC_LITERAL_CONVERSION = YES;
				CLANG_WARN_OBJC_ROOT_CLASS = YES_ERROR;
				CLANG_WARN_QUOTED_INCLUDE_IN_FRAMEWORK_HEADER = YES;
				CLANG_WARN_RANGE_LOOP_ANALYSIS = YES;
				CLANG_WARN_STRICT_PROTOTYPES = YES;
				CLANG_WARN_SUSPICIOUS_MOVE = YES;
				CLANG_WARN_UNGUARDED_AVAILABILITY = YES_AGGRESSIVE;
				CLANG_WARN_UNREACHABLE_CODE = YES;
				CLANG_WARN__DUPLICATE_METHOD_MATCH = YES;
				COPY_PHASE_STRIP = NO;
				DEBUG_INFORMATION_FORMAT = "dwarf-with-dsym";
				ENABLE_NS_ASSERTIONS = NO;
				ENABLE_STRICT_OBJC_MSGSEND = YES;
				ENABLE_USER_SCRIPT_SANDBOXING = YES;
				GCC_C_LANGUAGE_STANDARD = gnu17;
				GCC_NO_COMMON_BLOCKS = YES;
				GCC_WARN_64_TO_32_BIT_CONVERSION = YES;
				GCC_WARN_ABOUT_RETURN_TYPE = YES_ERROR;
				GCC_WARN_UNDECLARED_SELECTOR = YES;
				GCC_WARN_UNINITIALIZED_AUTOS = YES_AGGRESSIVE;
				GCC_WARN_UNUSED_FUNCTION = YES;
				GCC_WARN_UNUSED_VARIABLE = YES;
				IPHONEOS_DEPLOYMENT_TARGET = 17.2;
				LOCALIZATION_PREFERS_STRING_CATALOGS = YES;
				MTL_ENABLE_DEBUG_INFO = NO;
				MTL_FAST_MATH = YES;
				SDKROOT = iphoneos;
				SWIFT_COMPILATION_MODE = wholemodule;
				VALIDATE_PRODUCT = YES;
			};
			name = Release;
		};
		DE1E1D8F2BB82F040057C5CF /* Debug */ = {
			isa = XCBuildConfiguration;
			buildSettings = {
				ASSETCATALOG_COMPILER_APPICON_NAME = AppIcon;
				ASSETCATALOG_COMPILER_GLOBAL_ACCENT_COLOR_NAME = AccentColor;
				CODE_SIGN_STYLE = Automatic;
				CURRENT_PROJECT_VERSION = 1;
				DEVELOPMENT_ASSET_PATHS = "\"ServiceSet/Preview Content\"";
				DEVELOPMENT_TEAM = 897SMA3ZP4;
				ENABLE_PREVIEWS = YES;
				GENERATE_INFOPLIST_FILE = YES;
				INFOPLIST_KEY_UIApplicationSceneManifest_Generation = YES;
				INFOPLIST_KEY_UIApplicationSupportsIndirectInputEvents = YES;
				INFOPLIST_KEY_UILaunchScreen_Generation = YES;
				INFOPLIST_KEY_UISupportedInterfaceOrientations_iPad = "UIInterfaceOrientationPortrait UIInterfaceOrientationPortraitUpsideDown UIInterfaceOrientationLandscapeLeft UIInterfaceOrientationLandscapeRight";
				INFOPLIST_KEY_UISupportedInterfaceOrientations_iPhone = "UIInterfaceOrientationPortrait UIInterfaceOrientationLandscapeLeft UIInterfaceOrientationLandscapeRight";
				LD_RUNPATH_SEARCH_PATHS = (
					"$(inherited)",
					"@executable_path/Frameworks",
				);
				MARKETING_VERSION = 1.0;
				PRODUCT_BUNDLE_IDENTIFIER = baranov.ServiceSet;
				PRODUCT_NAME = "$(TARGET_NAME)";
				SWIFT_EMIT_LOC_STRINGS = YES;
				SWIFT_VERSION = 5.0;
				TARGETED_DEVICE_FAMILY = "1,2";
			};
			name = Debug;
		};
		DE1E1D902BB82F040057C5CF /* Release */ = {
			isa = XCBuildConfiguration;
			buildSettings = {
				ASSETCATALOG_COMPILER_APPICON_NAME = AppIcon;
				ASSETCATALOG_COMPILER_GLOBAL_ACCENT_COLOR_NAME = AccentColor;
				CODE_SIGN_STYLE = Automatic;
				CURRENT_PROJECT_VERSION = 1;
				DEVELOPMENT_ASSET_PATHS = "\"ServiceSet/Preview Content\"";
				DEVELOPMENT_TEAM = 897SMA3ZP4;
				ENABLE_PREVIEWS = YES;
				GENERATE_INFOPLIST_FILE = YES;
				INFOPLIST_KEY_UIApplicationSceneManifest_Generation = YES;
				INFOPLIST_KEY_UIApplicationSupportsIndirectInputEvents = YES;
				INFOPLIST_KEY_UILaunchScreen_Generation = YES;
				INFOPLIST_KEY_UISupportedInterfaceOrientations_iPad = "UIInterfaceOrientationPortrait UIInterfaceOrientationPortraitUpsideDown UIInterfaceOrientationLandscapeLeft UIInterfaceOrientationLandscapeRight";
				INFOPLIST_KEY_UISupportedInterfaceOrientations_iPhone = "UIInterfaceOrientationPortrait UIInterfaceOrientationLandscapeLeft UIInterfaceOrientationLandscapeRight";
				LD_RUNPATH_SEARCH_PATHS = (
					"$(inherited)",
					"@executable_path/Frameworks",
				);
				MARKETING_VERSION = 1.0;
				PRODUCT_BUNDLE_IDENTIFIER = baranov.ServiceSet;
				PRODUCT_NAME = "$(TARGET_NAME)";
				SWIFT_EMIT_LOC_STRINGS = YES;
				SWIFT_VERSION = 5.0;
				TARGETED_DEVICE_FAMILY = "1,2";
			};
			name = Release;
		};
/* End XCBuildConfiguration section */

/* Begin XCConfigurationList section */
		DE1E1D7B2BB82F020057C5CF /* Build configuration list for PBXProject "ServiceSet" */ = {
			isa = XCConfigurationList;
			buildConfigurations = (
				DE1E1D8C2BB82F040057C5CF /* Debug */,
				DE1E1D8D2BB82F040057C5CF /* Release */,
			);
			defaultConfigurationIsVisible = 0;
			defaultConfigurationName = Release;
		};
		DE1E1D8E2BB82F040057C5CF /* Build configuration list for PBXNativeTarget "ServiceSet" */ = {
			isa = XCConfigurationList;
			buildConfigurations = (
				DE1E1D8F2BB82F040057C5CF /* Debug */,
				DE1E1D902BB82F040057C5CF /* Release */,
			);
			defaultConfigurationIsVisible = 0;
			defaultConfigurationName = Release;
		};
/* End XCConfigurationList section */
	};
	rootObject = DE1E1D782BB82F020057C5CF /* Project object */;
}
